
Microsoft Visual Studio Solution File, Format Version 12.00
# Visual Studio Version 16
VisualStudioVersion = 16.0.30804.86
MinimumVisualStudioVersion = 10.0.40219.1
Project("{FAE04EC0-301F-11D3-BF4B-00C04F79EFBC}") = "XferSuite", "XferSuite.csproj", "{3CB25553-0EE8-43BE-BC08-FFABF252A09C}"
EndProject
Project("{6EC3EE1D-3C4E-46DD-8F32-0CC8E7565705}") = "XferHelper", "..\XferHelper\XferHelper.fsproj", "{EE2AD740-DECE-4DEC-8400-3F6C0D8700BF}"
EndProject
Project("{F184B08F-C81C-45F6-A57F-5ABD9991F28F}") = "DataFileTree", "..\DataFileTree\DataFileTree.vbproj", "{20DD8969-2AB2-408F-8097-6D7443D12B0F}"
EndProject
Project("{F184B08F-C81C-45F6-A57F-5ABD9991F28F}") = "ZRegistration", "..\ZRegistration\ZRegistration.vbproj", "{8DB48105-B268-42AF-A320-3A8EE0C42413}"
EndProject
Global
	GlobalSection(SolutionConfigurationPlatforms) = preSolution
		Debug|Any CPU = Debug|Any CPU
		Release|Any CPU = Release|Any CPU
	EndGlobalSection
	GlobalSection(ProjectConfigurationPlatforms) = postSolution
		{3CB25553-0EE8-43BE-BC08-FFABF252A09C}.Debug|Any CPU.ActiveCfg = Debug|Any CPU
		{3CB25553-0EE8-43BE-BC08-FFABF252A09C}.Debug|Any CPU.Build.0 = Debug|Any CPU
		{3CB25553-0EE8-43BE-BC08-FFABF252A09C}.Release|Any CPU.ActiveCfg = Release|Any CPU
		{3CB25553-0EE8-43BE-BC08-FFABF252A09C}.Release|Any CPU.Build.0 = Release|Any CPU
		{EE2AD740-DECE-4DEC-8400-3F6C0D8700BF}.Debug|Any CPU.ActiveCfg = Debug|Any CPU
		{EE2AD740-DECE-4DEC-8400-3F6C0D8700BF}.Debug|Any CPU.Build.0 = Debug|Any CPU
		{EE2AD740-DECE-4DEC-8400-3F6C0D8700BF}.Release|Any CPU.ActiveCfg = Release|Any CPU
		{EE2AD740-DECE-4DEC-8400-3F6C0D8700BF}.Release|Any CPU.Build.0 = Release|Any CPU
		{20DD8969-2AB2-408F-8097-6D7443D12B0F}.Debug|Any CPU.ActiveCfg = Debug|Any CPU
		{20DD8969-2AB2-408F-8097-6D7443D12B0F}.Debug|Any CPU.Build.0 = Debug|Any CPU
		{20DD8969-2AB2-408F-8097-6D7443D12B0F}.Release|Any CPU.ActiveCfg = Release|Any CPU
		{20DD8969-2AB2-408F-8097-6D7443D12B0F}.Release|Any CPU.Build.0 = Release|Any CPU
		{8DB48105-B268-42AF-A320-3A8EE0C42413}.Debug|Any CPU.ActiveCfg = Debug|Any CPU
		{8DB48105-B268-42AF-A320-3A8EE0C42413}.Debug|Any CPU.Build.0 = Debug|Any CPU
		{8DB48105-B268-42AF-A320-3A8EE0C42413}.Release|Any CPU.ActiveCfg = Release|Any CPU
		{8DB48105-B268-42AF-A320-3A8EE0C42413}.Release|Any CPU.Build.0 = Release|Any CPU
	EndGlobalSection
	GlobalSection(SolutionProperties) = preSolution
		HideSolutionNode = FALSE
	EndGlobalSection
	GlobalSection(ExtensibilityGlobals) = postSolution
		SolutionGuid = {75EB6E8C-2C19-4AD9-A430-E417DC5BECD9}
	EndGlobalSection
EndGlobal
